
Microsoft Visual Studio Solution File, Format Version 12.00
# Visual Studio Version 16
VisualStudioVersion = 16.0.31702.278
MinimumVisualStudioVersion = 10.0.40219.1
Project("{FAE04EC0-301F-11D3-BF4B-00C04F79EFBC}") = "Activity11", "Activity11\Activity11.csproj", "{EEBE30D8-78AE-46B1-91EA-50D8C22417A3}"
EndProject
Global
	GlobalSection(SolutionConfigurationPlatforms) = preSolution
		Debug|Any CPU = Debug|Any CPU
		Release|Any CPU = Release|Any CPU
	EndGlobalSection
	GlobalSection(ProjectConfigurationPlatforms) = postSolution
		{EEBE30D8-78AE-46B1-91EA-50D8C22417A3}.Debug|Any CPU.ActiveCfg = Debug|Any CPU
		{EEBE30D8-78AE-46B1-91EA-50D8C22417A3}.Debug|Any CPU.Build.0 = Debug|Any CPU
		{EEBE30D8-78AE-46B1-91EA-50D8C22417A3}.Release|Any CPU.ActiveCfg = Release|Any CPU
		{EEBE30D8-78AE-46B1-91EA-50D8C22417A3}.Release|Any CPU.Build.0 = Release|Any CPU
	EndGlobalSection
	GlobalSection(SolutionProperties) = preSolution
		HideSolutionNode = FALSE
	EndGlobalSection
	GlobalSection(ExtensibilityGlobals) = postSolution
		SolutionGuid = {C302BE7E-BF1A-4A19-BA41-F8EF07A8C43C}
	EndGlobalSection
EndGlobal
